
Microsoft Visual Studio Solution File, Format Version 12.00
# Visual Studio Version 17
VisualStudioVersion = 17.0.31912.275
MinimumVisualStudioVersion = 10.0.40219.1
Project("{9A19103F-16F7-4668-BE54-9A1E7A4F7556}") = "MvcWebUI", "MvcWebUI\MvcWebUI.csproj", "{1EC504C8-194F-4BC8-A91D-71F51F5B0AF4}"
EndProject
Project("{9A19103F-16F7-4668-BE54-9A1E7A4F7556}") = "AppCorev1", "AppCorev1\AppCorev1.csproj", "{90FA61F8-1802-43CE-9DDA-7BF7CBC30C78}"
EndProject
Project("{9A19103F-16F7-4668-BE54-9A1E7A4F7556}") = "DataAccess", "DataAccess\DataAccess.csproj", "{2D130C89-23A0-410B-B2BF-1427FA3EFA6A}"
EndProject
Project("{9A19103F-16F7-4668-BE54-9A1E7A4F7556}") = "Business", "Business\Business.csproj", "{807CF710-7C52-4350-B91E-10914B5ED5C9}"
EndProject
Project("{FAE04EC0-301F-11D3-BF4B-00C04F79EFBC}") = "WebApi", "WebApi\WebApi.csproj", "{D64BEF82-C1C5-4DCF-A318-F0106EB6DC0B}"
EndProject
Global
	GlobalSection(SolutionConfigurationPlatforms) = preSolution
		Debug|Any CPU = Debug|Any CPU
		Release|Any CPU = Release|Any CPU
	EndGlobalSection
	GlobalSection(ProjectConfigurationPlatforms) = postSolution
		{1EC504C8-194F-4BC8-A91D-71F51F5B0AF4}.Debug|Any CPU.ActiveCfg = Debug|Any CPU
		{1EC504C8-194F-4BC8-A91D-71F51F5B0AF4}.Debug|Any CPU.Build.0 = Debug|Any CPU
		{1EC504C8-194F-4BC8-A91D-71F51F5B0AF4}.Release|Any CPU.ActiveCfg = Release|Any CPU
		{1EC504C8-194F-4BC8-A91D-71F51F5B0AF4}.Release|Any CPU.Build.0 = Release|Any CPU
		{90FA61F8-1802-43CE-9DDA-7BF7CBC30C78}.Debug|Any CPU.ActiveCfg = Debug|Any CPU
		{90FA61F8-1802-43CE-9DDA-7BF7CBC30C78}.Debug|Any CPU.Build.0 = Debug|Any CPU
		{90FA61F8-1802-43CE-9DDA-7BF7CBC30C78}.Release|Any CPU.ActiveCfg = Release|Any CPU
		{90FA61F8-1802-43CE-9DDA-7BF7CBC30C78}.Release|Any CPU.Build.0 = Release|Any CPU
		{2D130C89-23A0-410B-B2BF-1427FA3EFA6A}.Debug|Any CPU.ActiveCfg = Debug|Any CPU
		{2D130C89-23A0-410B-B2BF-1427FA3EFA6A}.Debug|Any CPU.Build.0 = Debug|Any CPU
		{2D130C89-23A0-410B-B2BF-1427FA3EFA6A}.Release|Any CPU.ActiveCfg = Release|Any CPU
		{2D130C89-23A0-410B-B2BF-1427FA3EFA6A}.Release|Any CPU.Build.0 = Release|Any CPU
		{807CF710-7C52-4350-B91E-10914B5ED5C9}.Debug|Any CPU.ActiveCfg = Debug|Any CPU
		{807CF710-7C52-4350-B91E-10914B5ED5C9}.Debug|Any CPU.Build.0 = Debug|Any CPU
		{807CF710-7C52-4350-B91E-10914B5ED5C9}.Release|Any CPU.ActiveCfg = Release|Any CPU
		{807CF710-7C52-4350-B91E-10914B5ED5C9}.Release|Any CPU.Build.0 = Release|Any CPU
		{D64BEF82-C1C5-4DCF-A318-F0106EB6DC0B}.Debug|Any CPU.ActiveCfg = Debug|Any CPU
		{D64BEF82-C1C5-4DCF-A318-F0106EB6DC0B}.Debug|Any CPU.Build.0 = Debug|Any CPU
		{D64BEF82-C1C5-4DCF-A318-F0106EB6DC0B}.Release|Any CPU.ActiveCfg = Release|Any CPU
		{D64BEF82-C1C5-4DCF-A318-F0106EB6DC0B}.Release|Any CPU.Build.0 = Release|Any CPU
	EndGlobalSection
	GlobalSection(SolutionProperties) = preSolution
		HideSolutionNode = FALSE
	EndGlobalSection
	GlobalSection(ExtensibilityGlobals) = postSolution
		SolutionGuid = {3B134162-B48A-4354-B188-082351CDC090}
	EndGlobalSection
EndGlobal
